
Microsoft Visual Studio Solution File, Format Version 12.00
# Visual Studio Version 17
VisualStudioVersion = 17.5.002.0
MinimumVisualStudioVersion = 10.0.40219.1
Project("{9A19103F-16F7-4668-BE54-9A1E7A4F7556}") = "POS.api", "POS.api.csproj", "{58EA3451-8BAD-4B6A-AB1B-4C0B7D1FAA13}"
EndProject
Global
	GlobalSection(SolutionConfigurationPlatforms) = preSolution
		Debug|Any CPU = Debug|Any CPU
		Release|Any CPU = Release|Any CPU
	EndGlobalSection
	GlobalSection(ProjectConfigurationPlatforms) = postSolution
		{58EA3451-8BAD-4B6A-AB1B-4C0B7D1FAA13}.Debug|Any CPU.ActiveCfg = Debug|Any CPU
		{58EA3451-8BAD-4B6A-AB1B-4C0B7D1FAA13}.Debug|Any CPU.Build.0 = Debug|Any CPU
		{58EA3451-8BAD-4B6A-AB1B-4C0B7D1FAA13}.Release|Any CPU.ActiveCfg = Release|Any CPU
		{58EA3451-8BAD-4B6A-AB1B-4C0B7D1FAA13}.Release|Any CPU.Build.0 = Release|Any CPU
	EndGlobalSection
	GlobalSection(SolutionProperties) = preSolution
		HideSolutionNode = FALSE
	EndGlobalSection
	GlobalSection(ExtensibilityGlobals) = postSolution
		SolutionGuid = {891E7C75-AC6A-4AB9-91DC-90CAE3B11DE7}
	EndGlobalSection
EndGlobal
